Microsoft Visual Studio Solution File, Format Version 10.00
# Visual Studio 2008
Project("{FAE04EC0-301F-11D3-BF4B-00C04F79EFBC}") = "xmlrpc", "xmlrpc.csproj", "{1B4B0A58-0AFB-4090-91DD-18912CC7DE65}"
EndProject
Project("{FAE04EC0-301F-11D3-BF4B-00C04F79EFBC}") = "ntest", "..\ntest\ntest.csproj", "{A03FD7C0-77B4-4731-8818-6E33A0A83E70}"
	ProjectSection(ProjectDependencies) = postProject
		{1B4B0A58-0AFB-4090-91DD-18912CC7DE65} = {1B4B0A58-0AFB-4090-91DD-18912CC7DE65}
	EndProjectSection
EndProject
Project("{2150E333-8FDC-42A3-9474-1A3956D46DE8}") = "samples", "samples", "{E51BCCED-94BB-4C92-98A0-3D1310E01FAE}"
EndProject
Project("{FAE04EC0-301F-11D3-BF4B-00C04F79EFBC}") = "AsyncBettyApplication", "..\samples\AsyncBettyApplication\AsyncBettyApplication.csproj", "{47C8D059-8A35-42D2-8F63-559A788A5695}"
	ProjectSection(ProjectDependencies) = postProject
		{1B4B0A58-0AFB-4090-91DD-18912CC7DE65} = {1B4B0A58-0AFB-4090-91DD-18912CC7DE65}
	EndProjectSection
EndProject
Project("{FAE04EC0-301F-11D3-BF4B-00C04F79EFBC}") = "BettyApplication", "..\samples\BettyApplication\BettyApplication.csproj", "{D82D2A7C-CCBD-4229-9B91-1BDB26F8D5D1}"
	ProjectSection(ProjectDependencies) = postProject
		{1B4B0A58-0AFB-4090-91DD-18912CC7DE65} = {1B4B0A58-0AFB-4090-91DD-18912CC7DE65}
	EndProjectSection
EndProject
Project("{FAE04EC0-301F-11D3-BF4B-00C04F79EFBC}") = "LoggingExample", "..\samples\LoggingExample\LoggingExample.csproj", "{3AD1D8E7-9F7A-423E-B655-70F8E778AFE9}"
	ProjectSection(ProjectDependencies) = postProject
		{1B4B0A58-0AFB-4090-91DD-18912CC7DE65} = {1B4B0A58-0AFB-4090-91DD-18912CC7DE65}
	EndProjectSection
EndProject
Project("{FAE04EC0-301F-11D3-BF4B-00C04F79EFBC}") = "MathApp", "..\samples\MathApp\MathApp.csproj", "{459B4B09-B331-499B-A33A-BFDA6AED19EE}"
	ProjectSection(ProjectDependencies) = postProject
		{1B4B0A58-0AFB-4090-91DD-18912CC7DE65} = {1B4B0A58-0AFB-4090-91DD-18912CC7DE65}
	EndProjectSection
EndProject
Project("{FAE04EC0-301F-11D3-BF4B-00C04F79EFBC}") = "MathService", "..\samples\MathService\MathService.csproj", "{44298FB2-44CA-4CDF-A806-98BCAC5DB179}"
	ProjectSection(ProjectDependencies) = postProject
		{1B4B0A58-0AFB-4090-91DD-18912CC7DE65} = {1B4B0A58-0AFB-4090-91DD-18912CC7DE65}
	EndProjectSection
EndProject
Project("{2150E333-8FDC-42A3-9474-1A3956D46DE8}") = "StateNameServer", "StateNameServer", "{26870E6B-C93E-4102-91F6-938B2603CE9A}"
EndProject
Project("{FAE04EC0-301F-11D3-BF4B-00C04F79EFBC}") = "client", "..\samples\StateNameServer\client\client.csproj", "{B9984631-7145-438E-968C-5F58A10D26C5}"
	ProjectSection(ProjectDependencies) = postProject
		{D336462F-2F05-4B21-B616-BE7A0F8F8134} = {D336462F-2F05-4B21-B616-BE7A0F8F8134}
		{1B4B0A58-0AFB-4090-91DD-18912CC7DE65} = {1B4B0A58-0AFB-4090-91DD-18912CC7DE65}
	EndProjectSection
EndProject
Project("{FAE04EC0-301F-11D3-BF4B-00C04F79EFBC}") = "interface", "..\samples\StateNameServer\interface\interface.csproj", "{D336462F-2F05-4B21-B616-BE7A0F8F8134}"
	ProjectSection(ProjectDependencies) = postProject
		{1B4B0A58-0AFB-4090-91DD-18912CC7DE65} = {1B4B0A58-0AFB-4090-91DD-18912CC7DE65}
	EndProjectSection
EndProject
Project("{FAE04EC0-301F-11D3-BF4B-00C04F79EFBC}") = "server", "..\samples\StateNameServer\server\server.csproj", "{84AFB9E3-2694-46D6-AF0F-F4EE213F0CEC}"
	ProjectSection(ProjectDependencies) = postProject
		{D336462F-2F05-4B21-B616-BE7A0F8F8134} = {D336462F-2F05-4B21-B616-BE7A0F8F8134}
		{1B4B0A58-0AFB-4090-91DD-18912CC7DE65} = {1B4B0A58-0AFB-4090-91DD-18912CC7DE65}
	EndProjectSection
EndProject
Project("{FAE04EC0-301F-11D3-BF4B-00C04F79EFBC}") = "xmlrpcCF", "..\xmlrpcCF\xmlrpcCF.csproj", "{57A1A190-6DCA-4611-8CB8-2A24B11A5C7A}"
EndProject
Global
	GlobalSection(SolutionConfigurationPlatforms) = preSolution
		Debug|Any CPU = Debug|Any CPU
		Release|Any CPU = Release|Any CPU
	EndGlobalSection
	GlobalSection(ProjectConfigurationPlatforms) = postSolution
		{1B4B0A58-0AFB-4090-91DD-18912CC7DE65}.Debug|Any CPU.ActiveCfg = Debug|Any CPU
		{1B4B0A58-0AFB-4090-91DD-18912CC7DE65}.Debug|Any CPU.Build.0 = Debug|Any CPU
		{1B4B0A58-0AFB-4090-91DD-18912CC7DE65}.Release|Any CPU.ActiveCfg = Release|Any CPU
		{1B4B0A58-0AFB-4090-91DD-18912CC7DE65}.Release|Any CPU.Build.0 = Release|Any CPU
		{A03FD7C0-77B4-4731-8818-6E33A0A83E70}.Debug|Any CPU.ActiveCfg = Debug|Any CPU
		{A03FD7C0-77B4-4731-8818-6E33A0A83E70}.Debug|Any CPU.Build.0 = Debug|Any CPU
		{A03FD7C0-77B4-4731-8818-6E33A0A83E70}.Release|Any CPU.ActiveCfg = Release|Any CPU
		{A03FD7C0-77B4-4731-8818-6E33A0A83E70}.Release|Any CPU.Build.0 = Release|Any CPU
		{47C8D059-8A35-42D2-8F63-559A788A5695}.Debug|Any CPU.ActiveCfg = Debug|Any CPU
		{47C8D059-8A35-42D2-8F63-559A788A5695}.Debug|Any CPU.Build.0 = Debug|Any CPU
		{47C8D059-8A35-42D2-8F63-559A788A5695}.Release|Any CPU.ActiveCfg = Release|Any CPU
		{47C8D059-8A35-42D2-8F63-559A788A5695}.Release|Any CPU.Build.0 = Release|Any CPU
		{D82D2A7C-CCBD-4229-9B91-1BDB26F8D5D1}.Debug|Any CPU.ActiveCfg = Debug|Any CPU
		{D82D2A7C-CCBD-4229-9B91-1BDB26F8D5D1}.Debug|Any CPU.Build.0 = Debug|Any CPU
		{D82D2A7C-CCBD-4229-9B91-1BDB26F8D5D1}.Release|Any CPU.ActiveCfg = Release|Any CPU
		{D82D2A7C-CCBD-4229-9B91-1BDB26F8D5D1}.Release|Any CPU.Build.0 = Release|Any CPU
		{3AD1D8E7-9F7A-423E-B655-70F8E778AFE9}.Debug|Any CPU.ActiveCfg = Debug|Any CPU
		{3AD1D8E7-9F7A-423E-B655-70F8E778AFE9}.Debug|Any CPU.Build.0 = Debug|Any CPU
		{3AD1D8E7-9F7A-423E-B655-70F8E778AFE9}.Release|Any CPU.ActiveCfg = Release|Any CPU
		{3AD1D8E7-9F7A-423E-B655-70F8E778AFE9}.Release|Any CPU.Build.0 = Release|Any CPU
		{459B4B09-B331-499B-A33A-BFDA6AED19EE}.Debug|Any CPU.ActiveCfg = Debug|Any CPU
		{459B4B09-B331-499B-A33A-BFDA6AED19EE}.Debug|Any CPU.Build.0 = Debug|Any CPU
		{459B4B09-B331-499B-A33A-BFDA6AED19EE}.Release|Any CPU.ActiveCfg = Release|Any CPU
		{459B4B09-B331-499B-A33A-BFDA6AED19EE}.Release|Any CPU.Build.0 = Release|Any CPU
		{44298FB2-44CA-4CDF-A806-98BCAC5DB179}.Debug|Any CPU.ActiveCfg = Debug|Any CPU
		{44298FB2-44CA-4CDF-A806-98BCAC5DB179}.Debug|Any CPU.Build.0 = Debug|Any CPU
		{44298FB2-44CA-4CDF-A806-98BCAC5DB179}.Release|Any CPU.ActiveCfg = Release|Any CPU
		{44298FB2-44CA-4CDF-A806-98BCAC5DB179}.Release|Any CPU.Build.0 = Release|Any CPU
		{B9984631-7145-438E-968C-5F58A10D26C5}.Debug|Any CPU.ActiveCfg = Debug|Any CPU
		{B9984631-7145-438E-968C-5F58A10D26C5}.Debug|Any CPU.Build.0 = Debug|Any CPU
		{B9984631-7145-438E-968C-5F58A10D26C5}.Release|Any CPU.ActiveCfg = Release|Any CPU
		{B9984631-7145-438E-968C-5F58A10D26C5}.Release|Any CPU.Build.0 = Release|Any CPU
		{D336462F-2F05-4B21-B616-BE7A0F8F8134}.Debug|Any CPU.ActiveCfg = Debug|Any CPU
		{D336462F-2F05-4B21-B616-BE7A0F8F8134}.Debug|Any CPU.Build.0 = Debug|Any CPU
		{D336462F-2F05-4B21-B616-BE7A0F8F8134}.Release|Any CPU.ActiveCfg = Release|Any CPU
		{D336462F-2F05-4B21-B616-BE7A0F8F8134}.Release|Any CPU.Build.0 = Release|Any CPU
		{84AFB9E3-2694-46D6-AF0F-F4EE213F0CEC}.Debug|Any CPU.ActiveCfg = Debug|Any CPU
		{84AFB9E3-2694-46D6-AF0F-F4EE213F0CEC}.Debug|Any CPU.Build.0 = Debug|Any CPU
		{84AFB9E3-2694-46D6-AF0F-F4EE213F0CEC}.Release|Any CPU.ActiveCfg = Release|Any CPU
		{84AFB9E3-2694-46D6-AF0F-F4EE213F0CEC}.Release|Any CPU.Build.0 = Release|Any CPU
		{57A1A190-6DCA-4611-8CB8-2A24B11A5C7A}.Debug|Any CPU.ActiveCfg = Debug|Any CPU
		{57A1A190-6DCA-4611-8CB8-2A24B11A5C7A}.Debug|Any CPU.Build.0 = Debug|Any CPU
		{57A1A190-6DCA-4611-8CB8-2A24B11A5C7A}.Release|Any CPU.ActiveCfg = Release|Any CPU
		{57A1A190-6DCA-4611-8CB8-2A24B11A5C7A}.Release|Any CPU.Build.0 = Release|Any CPU
	EndGlobalSection
	GlobalSection(SolutionProperties) = preSolution
		HideSolutionNode = FALSE
	EndGlobalSection
	GlobalSection(NestedProjects) = preSolution
		{47C8D059-8A35-42D2-8F63-559A788A5695} = {E51BCCED-94BB-4C92-98A0-3D1310E01FAE}
		{D82D2A7C-CCBD-4229-9B91-1BDB26F8D5D1} = {E51BCCED-94BB-4C92-98A0-3D1310E01FAE}
		{3AD1D8E7-9F7A-423E-B655-70F8E778AFE9} = {E51BCCED-94BB-4C92-98A0-3D1310E01FAE}
		{459B4B09-B331-499B-A33A-BFDA6AED19EE} = {E51BCCED-94BB-4C92-98A0-3D1310E01FAE}
		{44298FB2-44CA-4CDF-A806-98BCAC5DB179} = {E51BCCED-94BB-4C92-98A0-3D1310E01FAE}
		{26870E6B-C93E-4102-91F6-938B2603CE9A} = {E51BCCED-94BB-4C92-98A0-3D1310E01FAE}
		{B9984631-7145-438E-968C-5F58A10D26C5} = {26870E6B-C93E-4102-91F6-938B2603CE9A}
		{D336462F-2F05-4B21-B616-BE7A0F8F8134} = {26870E6B-C93E-4102-91F6-938B2603CE9A}
		{84AFB9E3-2694-46D6-AF0F-F4EE213F0CEC} = {26870E6B-C93E-4102-91F6-938B2603CE9A}
	EndGlobalSection
EndGlobal
